Microsoft Visual Studio Solution File, Format Version 12.00
# Visual Studio 2012
Project("{A2FDA12F-696B-EB0A-255E-5037DE7D37EB}") = "LETools", "Assembly-CSharp.csproj", "{62D8F59D-5749-5782-3AD6-AFC775B7FB6E}"
EndProject
Project("{A2FDA12F-696B-EB0A-255E-5037DE7D37EB}") = "LETools", "Assembly-CSharp-Editor.csproj", "{EE6A0390-1CED-16BB-4716-5D959E8E4081}"
EndProject
Global
	GlobalSection(SolutionConfigurationPlatforms) = preSolution
		Debug|Any CPU = Debug|Any CPU
		Release|Any CPU = Release|Any CPU
	EndGlobalSection
	GlobalSection(ProjectConfigurationPlatforms) = postSolution
		{62D8F59D-5749-5782-3AD6-AFC775B7FB6E}.Debug|Any CPU.ActiveCfg = Debug|Any CPU
		{62D8F59D-5749-5782-3AD6-AFC775B7FB6E}.Debug|Any CPU.Build.0 = Debug|Any CPU
		{62D8F59D-5749-5782-3AD6-AFC775B7FB6E}.Release|Any CPU.ActiveCfg = Release|Any CPU
		{62D8F59D-5749-5782-3AD6-AFC775B7FB6E}.Release|Any CPU.Build.0 = Release|Any CPU
		{EE6A0390-1CED-16BB-4716-5D959E8E4081}.Debug|Any CPU.ActiveCfg = Debug|Any CPU
		{EE6A0390-1CED-16BB-4716-5D959E8E4081}.Debug|Any CPU.Build.0 = Debug|Any CPU
		{EE6A0390-1CED-16BB-4716-5D959E8E4081}.Release|Any CPU.ActiveCfg = Release|Any CPU
		{EE6A0390-1CED-16BB-4716-5D959E8E4081}.Release|Any CPU.Build.0 = Release|Any CPU
	EndGlobalSection
EndGlobal
